
Microsoft Visual Studio Solution File, Format Version 12.00
# Visual Studio Version 17
VisualStudioVersion = 17.9.34701.34
MinimumVisualStudioVersion = 10.0.40219.1
Project("{FAE04EC0-301F-11D3-BF4B-00C04F79EFBC}") = "PruebaTecnicaIoon", "PruebaTecnicaIoon\PruebaTecnicaIoon.csproj", "{3A569C81-5DEC-4157-BA12-E2844E96BC07}"
EndProject
Global
	GlobalSection(SolutionConfigurationPlatforms) = preSolution
		Debug|Any CPU = Debug|Any CPU
		Release|Any CPU = Release|Any CPU
	EndGlobalSection
	GlobalSection(ProjectConfigurationPlatforms) = postSolution
		{3A569C81-5DEC-4157-BA12-E2844E96BC07}.Debug|Any CPU.ActiveCfg = Debug|Any CPU
		{3A569C81-5DEC-4157-BA12-E2844E96BC07}.Debug|Any CPU.Build.0 = Debug|Any CPU
		{3A569C81-5DEC-4157-BA12-E2844E96BC07}.Release|Any CPU.ActiveCfg = Release|Any CPU
		{3A569C81-5DEC-4157-BA12-E2844E96BC07}.Release|Any CPU.Build.0 = Release|Any CPU
	EndGlobalSection
	GlobalSection(SolutionProperties) = preSolution
		HideSolutionNode = FALSE
	EndGlobalSection
	GlobalSection(ExtensibilityGlobals) = postSolution
		SolutionGuid = {F8009203-97E0-4BC0-9198-85944E47B302}
	EndGlobalSection
EndGlobal
